
Microsoft Visual Studio Solution File, Format Version 12.00
# Visual Studio 15
VisualStudioVersion = 15.0.26730.12
MinimumVisualStudioVersion = 10.0.40219.1
Project("{FAE04EC0-301F-11D3-BF4B-00C04F79EFBC}") = "GeoMetrics", "GeoMetrics\GeoMetrics.csproj", "{5B6E518F-FA0A-4DAD-BE52-6F6CFC8A8311}"
EndProject
Global
	GlobalSection(SolutionConfigurationPlatforms) = preSolution
		Debug|Any CPU = Debug|Any CPU
		Release|Any CPU = Release|Any CPU
	EndGlobalSection
	GlobalSection(ProjectConfigurationPlatforms) = postSolution
		{5B6E518F-FA0A-4DAD-BE52-6F6CFC8A8311}.Debug|Any CPU.ActiveCfg = Debug|Any CPU
		{5B6E518F-FA0A-4DAD-BE52-6F6CFC8A8311}.Debug|Any CPU.Build.0 = Debug|Any CPU
		{5B6E518F-FA0A-4DAD-BE52-6F6CFC8A8311}.Release|Any CPU.ActiveCfg = Release|Any CPU
		{5B6E518F-FA0A-4DAD-BE52-6F6CFC8A8311}.Release|Any CPU.Build.0 = Release|Any CPU
	EndGlobalSection
	GlobalSection(SolutionProperties) = preSolution
		HideSolutionNode = FALSE
	EndGlobalSection
	GlobalSection(ExtensibilityGlobals) = postSolution
		SolutionGuid = {8F18F3C4-CCBE-4486-A5F5-3C480F792671}
	EndGlobalSection
EndGlobal
